// !$*UTF8*$!
{
	archiveVersion = 1;
	classes = {
	};
	objectVersion = 50;
	objects = {

/* Begin PBXBuildFile section */
		D43562622116837B00B345D0 /* AppDelegate.swift in Sources */ = {isa = PBXBuildFile; fileRef = D43562612116837B00B345D0 /* AppDelegate.swift */; };
		D43562642116837B00B345D0 /* ViewController.swift in Sources */ = {isa = PBXBuildFile; fileRef = D43562632116837B00B345D0 /* ViewController.swift */; };
		D43562672116837B00B345D0 /* Main.storyboard in Resources */ = {isa = PBXBuildFile; fileRef = D43562652116837B00B345D0 /* Main.storyboard */; };
		D435626A2116837B00B345D0 /* CoreData.xcdatamodeld in Sources */ = {isa = PBXBuildFile; fileRef = D43562682116837B00B345D0 /* CoreData.xcdatamodeld */; };
		D435626C2116837D00B345D0 /* Assets.xcassets in Resources */ = {isa = PBXBuildFile; fileRef = D435626B2116837D00B345D0 /* Assets.xcassets */; };
		D435626F2116837D00B345D0 /* LaunchScreen.storyboard in Resources */ = {isa = PBXBuildFile; fileRef = D435626D2116837D00B345D0 /* LaunchScreen.storyboard */; };
		D435627A2116872F00B345D0 /* DataModel.xcdatamodeld in Sources */ = {isa = PBXBuildFile; fileRef = D43562782116872F00B345D0 /* DataModel.xcdatamodeld */; };
		D435627C2116885300B345D0 /* Item.swift in Sources */ = {isa = PBXBuildFile; fileRef = D435627B2116885300B345D0 /* Item.swift */; };
/* End PBXBuildFile section */

/* Begin PBXFileReference section */
		D435625E2116837A00B345D0 /* Todo.app */ = {isa = PBXFileReference; explicitFileType = wrapper.application; includeInIndex = 0; path = Todo.app; sourceTree = BUILT_PRODUCTS_DIR; };
		D43562612116837B00B345D0 /* AppDelegate.swift */ = {isa = PBXFileReference; lastKnownFileType = sourcecode.swift; path = AppDelegate.swift; sourceTree = "<group>"; };
		D43562632116837B00B345D0 /* ViewController.swift */ = {isa = PBXFileReference; lastKnownFileType = sourcecode.swift; path = ViewController.swift; sourceTree = "<group>"; };
		D43562662116837B00B345D0 /* Base */ = {isa = PBXFileReference; lastKnownFileType = file.storyboard; name = Base; path = Base.lproj/Main.storyboard; sourceTree = "<group>"; };
		D43562692116837B00B345D0 /* CoreData.xcdatamodel */ = {isa = PBXFileReference; lastKnownFileType = wrapper.xcdatamodel; path = CoreData.xcdatamodel; sourceTree = "<group>"; };
		D435626B2116837D00B345D0 /* Assets.xcassets */ = {isa = PBXFileReference; lastKnownFileType = folder.assetcatalog; path = Assets.xcassets; sourceTree = "<group>"; };
		D435626E2116837D00B345D0 /* Base */ = {isa = PBXFileReference; lastKnownFileType = file.storyboard; name = Base; path = Base.lproj/LaunchScreen.storyboard; sourceTree = "<group>"; };
		D43562702116837D00B345D0 /* Info.plist */ = {isa = PBXFileReference; lastKnownFileType = text.plist.xml; path = Info.plist; sourceTree = "<group>"; };
		D43562792116872F00B345D0 /* DataModel.xcdatamodel */ = {isa = PBXFileReference; lastKnownFileType = wrapper.xcdatamodel; path = DataModel.xcdatamodel; sourceTree = "<group>"; };
		D435627B2116885300B345D0 /* Item.swift */ = {isa = PBXFileReference; lastKnownFileType = sourcecode.swift; path = Item.swift; sourceTree = "<group>"; };
/* End PBXFileReference section */

/* Begin PBXFrameworksBuildPhase section */
		D435625B2116837A00B345D0 /* Frameworks */ = {
			isa = PBXFrameworksBuildPhase;
			buildActionMask = 2147483647;
			files = (
			);
			runOnlyForDeploymentPostprocessing = 0;
		};
/* End PBXFrameworksBuildPhase section */

/* Begin PBXGroup section */
		D43562552116837A00B345D0 = {
			isa = PBXGroup;
			children = (
				D43562602116837B00B345D0 /* todo */,
				D435625F2116837A00B345D0 /* Products */,
			);
			sourceTree = "<group>";
		};
		D435625F2116837A00B345D0 /* Products */ = {
			isa = PBXGroup;
			children = (
				D435625E2116837A00B345D0 /* Todo.app */,
			);
			name = Products;
			sourceTree = "<group>";
		};
		D43562602116837B00B345D0 /* todo */ = {
			isa = PBXGroup;
			children = (
				D4356277211686FE00B345D0 /* Data Model */,
				D4356276211686EB00B345D0 /* ViewControllers */,
				D43562612116837B00B345D0 /* AppDelegate.swift */,
				D43562652116837B00B345D0 /* Main.storyboard */,
				D435626B2116837D00B345D0 /* Assets.xcassets */,
				D435626D2116837D00B345D0 /* LaunchScreen.storyboard */,
				D43562702116837D00B345D0 /* Info.plist */,
				D43562682116837B00B345D0 /* CoreData.xcdatamodeld */,
			);
			path = todo;
			sourceTree = "<group>";
		};
		D4356276211686EB00B345D0 /* ViewControllers */ = {
			isa = PBXGroup;
			children = (
				D43562632116837B00B345D0 /* ViewController.swift */,
			);
			path = ViewControllers;
			sourceTree = "<group>";
		};
		D4356277211686FE00B345D0 /* Data Model */ = {
			isa = PBXGroup;
			children = (
				D43562782116872F00B345D0 /* DataModel.xcdatamodeld */,
				D435627B2116885300B345D0 /* Item.swift */,
			);
			path = "Data Model";
			sourceTree = "<group>";
		};
/* End PBXGroup section */

/* Begin PBXNativeTarget section */
		D435625D2116837A00B345D0 /* Todo */ = {
			isa = PBXNativeTarget;
			buildConfigurationList = D43562732116837D00B345D0 /* Build configuration list for PBXNativeTarget "Todo" */;
			buildPhases = (
				D435625A2116837A00B345D0 /* Sources */,
				D435625B2116837A00B345D0 /* Frameworks */,
				D435625C2116837A00B345D0 /* Resources */,
			);
			buildRules = (
			);
			dependencies = (
			);
			name = Todo;
			productName = CoreData;
			productReference = D435625E2116837A00B345D0 /* Todo.app */;
			productType = "com.apple.product-type.application";
		};
/* End PBXNativeTarget section */

/* Begin PBXProject section */
		D43562562116837A00B345D0 /* Project object */ = {
			isa = PBXProject;
			attributes = {
				LastSwiftUpdateCheck = 0940;
				LastUpgradeCheck = 0940;
				ORGANIZATIONNAME = Jitendra;
				TargetAttributes = {
					D435625D2116837A00B345D0 = {
						CreatedOnToolsVersion = 9.4.1;
					};
				};
			};
			buildConfigurationList = D43562592116837A00B345D0 /* Build configuration list for PBXProject "Todo" */;
			compatibilityVersion = "Xcode 9.3";
			developmentRegion = en;
			hasScannedForEncodings = 0;
			knownRegions = (
				en,
				Base,
			);
			mainGroup = D43562552116837A00B345D0;
			productRefGroup = D435625F2116837A00B345D0 /* Products */;
			projectDirPath = "";
			projectRoot = "";
			targets = (
				D435625D2116837A00B345D0 /* Todo */,
			);
		};
/* End PBXProject section */

/* Begin PBXResourcesBuildPhase section */
		D435625C2116837A00B345D0 /* Resources */ = {
			isa = PBXResourcesBuildPhase;
			buildActionMask = 2147483647;
			files = (
				D435626F2116837D00B345D0 /* LaunchScreen.storyboard in Resources */,
				D435626C2116837D00B345D0 /* Assets.xcassets in Resources */,
				D43562672116837B00B345D0 /* Main.storyboard in Resources */,
			);
			runOnlyForDeploymentPostprocessing = 0;
		};
/* End PBXResourcesBuildPhase section */

/* Begin PBXSourcesBuildPhase section */
		D435625A2116837A00B345D0 /* Sources */ = {
			isa = PBXSourcesBuildPhase;
			buildActionMask = 2147483647;
			files = (
				D435627C2116885300B345D0 /* Item.swift in Sources */,
				D43562642116837B00B345D0 /* ViewController.swift in Sources */,
				D435627A2116872F00B345D0 /* DataModel.xcdatamodeld in Sources */,
				D43562622116837B00B345D0 /* AppDelegate.swift in Sources */,
				D435626A2116837B00B345D0 /* CoreData.xcdatamodeld in Sources */,
			);
			runOnlyForDeploymentPostprocessing = 0;
		};
/* End PBXSourcesBuildPhase section */

/* Begin PBXVariantGroup section */
		D43562652116837B00B345D0 /* Main.storyboard */ = {
			isa = PBXVariantGroup;
			children = (
				D43562662116837B00B345D0 /* Base */,
			);
			name = Main.storyboard;
			sourceTree = "<group>";
		};
		D435626D2116837D00B345D0 /* LaunchScreen.storyboard */ = {
			isa = PBXVariantGroup;
			children = (
				D435626E2116837D00B345D0 /* Base */,
			);
			name = LaunchScreen.storyboard;
			sourceTree = "<group>";
		};
/* End PBXVariantGroup section */

/* Begin XCBuildConfiguration section */
		D43562712116837D00B345D0 /* Debug */ = {
			isa = XCBuildConfiguration;
			buildSettings = {
				ALWAYS_SEARCH_USER_PATHS = NO;
				CLANG_ANALYZER_NONNULL = YES;
				CLANG_ANALYZER_NUMBER_OBJECT_CONVERSION = YES_AGGRESSIVE;
				CLANG_CXX_LANGUAGE_STANDARD = "gnu++14";
				CLANG_CXX_LIBRARY = "libc++";
				CLANG_ENABLE_MODULES = YES;
				CLANG_ENABLE_OBJC_ARC = YES;
				CLANG_ENABLE_OBJC_WEAK = YES;
				CLANG_WARN_BLOCK_CAPTURE_AUTORELEASING = YES;
				CLANG_WARN_BOOL_CONVERSION = YES;
				CLANG_WARN_COMMA = YES;
				CLANG_WARN_CONSTANT_CONVERSION = YES;
				CLANG_WARN_DEPRECATED_OBJC_IMPLEMENTATIONS = YES;
				CLANG_WARN_DIRECT_OBJC_ISA_USAGE = YES_ERROR;
				CLANG_WARN_DOCUMENTATION_COMMENTS = YES;
				CLANG_WARN_EMPTY_BODY = YES;
				CLANG_WARN_ENUM_CONVERSION = YES;
				CLANG_WARN_INFINITE_RECURSION = YES;
				CLANG_WARN_INT_CONVERSION = YES;
				CLANG_WARN_NON_LITERAL_NULL_CONVERSION = YES;
				CLANG_WARN_OBJC_IMPLICIT_RETAIN_SELF = YES;
				CLANG_WARN_OBJC_LITERAL_CONVERSION = YES;
				CLANG_WARN_OBJC_ROOT_CLASS = YES_ERROR;
				CLANG_WARN_RANGE_LOOP_ANALYSIS = YES;
				CLANG_WARN_STRICT_PROTOTYPES = YES;
				CLANG_WARN_SUSPICIOUS_MOVE = YES;
				CLANG_WARN_UNGUARDED_AVAILABILITY = YES_AGGRESSIVE;
				CLANG_WARN_UNREACHABLE_CODE = YES;
				CLANG_WARN__DUPLICATE_METHOD_MATCH = YES;
				CODE_SIGN_IDENTITY = "iPhone Developer";
				COPY_PHASE_STRIP = NO;
				DEBUG_INFORMATION_FORMAT = dwarf;
				ENABLE_STRICT_OBJC_MSGSEND = YES;
				ENABLE_TESTABILITY = YES;
				GCC_C_LANGUAGE_STANDARD = gnu11;
				GCC_DYNAMIC_NO_PIC = NO;
				GCC_NO_COMMON_BLOCKS = YES;
				GCC_OPTIMIZATION_LEVEL = 0;
				GCC_PREPROCESSOR_DEFINITIONS = (
					"DEBUG=1",
					"$(inherited)",
				);
				GCC_WARN_64_TO_32_BIT_CONVERSION = YES;
				GCC_WARN_ABOUT_RETURN_TYPE = YES_ERROR;
				GCC_WARN_UNDECLARED_SELECTOR = YES;
				GCC_WARN_UNINITIALIZED_AUTOS = YES_AGGRESSIVE;
				GCC_WARN_UNUSED_FUNCTION = YES;
				GCC_WARN_UNUSED_VARIABLE = YES;
				IPHONEOS_DEPLOYMENT_TARGET = 11.4;
				MTL_ENABLE_DEBUG_INFO = YES;
				ONLY_ACTIVE_ARCH = YES;
				SDKROOT = iphoneos;
				SWIFT_ACTIVE_COMPILATION_CONDITIONS = DEBUG;
				SWIFT_OPTIMIZATION_LEVEL = "-Onone";
			};
			name = Debug;
		};
		D43562722116837D00B345D0 /* Release */ = {
			isa = XCBuildConfiguration;
			buildSettings = {
				ALWAYS_SEARCH_USER_PATHS = NO;
				CLANG_ANALYZER_NONNULL = YES;
				CLANG_ANALYZER_NUMBER_OBJECT_CONVERSION = YES_AGGRESSIVE;
				CLANG_CXX_LANGUAGE_STANDARD = "gnu++14";
				CLANG_CXX_LIBRARY = "libc++";
				CLANG_ENABLE_MODULES = YES;
				CLANG_ENABLE_OBJC_ARC = YES;
				CLANG_ENABLE_OBJC_WEAK = YES;
				CLANG_WARN_BLOCK_CAPTURE_AUTORELEASING = YES;
				CLANG_WARN_BOOL_CONVERSION = YES;
				CLANG_WARN_COMMA = YES;
				CLANG_WARN_CONSTANT_CONVERSION = YES;
				CLANG_WARN_DEPRECATED_OBJC_IMPLEMENTATIONS = YES;
				CLANG_WARN_DIRECT_OBJC_ISA_USAGE = YES_ERROR;
				CLANG_WARN_DOCUMENTATION_COMMENTS = YES;
				CLANG_WARN_EMPTY_BODY = YES;
				CLANG_WARN_ENUM_CONVERSION = YES;
				CLANG_WARN_INFINITE_RECURSION = YES;
				CLANG_WARN_INT_CONVERSION = YES;
				CLANG_WARN_NON_LITERAL_NULL_CONVERSION = YES;
				CLANG_WARN_OBJC_IMPLICIT_RETAIN_SELF = YES;
				CLANG_WARN_OBJC_LITERAL_CONVERSION = YES;
				CLANG_WARN_OBJC_ROOT_CLASS = YES_ERROR;
				CLANG_WARN_RANGE_LOOP_ANALYSIS = YES;
				CLANG_WARN_STRICT_PROTOTYPES = YES;
				CLANG_WARN_SUSPICIOUS_MOVE = YES;
				CLANG_WARN_UNGUARDED_AVAILABILITY = YES_AGGRESSIVE;
				CLANG_WARN_UNREACHABLE_CODE = YES;
				CLANG_WARN__DUPLICATE_METHOD_MATCH = YES;
				CODE_SIGN_IDENTITY = "iPhone Developer";
				COPY_PHASE_STRIP = NO;
				DEBUG_INFORMATION_FORMAT = "dwarf-with-dsym";
				ENABLE_NS_ASSERTIONS = NO;
				ENABLE_STRICT_OBJC_MSGSEND = YES;
				GCC_C_LANGUAGE_STANDARD = gnu11;
				GCC_NO_COMMON_BLOCKS = YES;
				GCC_WARN_64_TO_32_BIT_CONVERSION = YES;
				GCC_WARN_ABOUT_RETURN_TYPE = YES_ERROR;
				GCC_WARN_UNDECLARED_SELECTOR = YES;
				GCC_WARN_UNINITIALIZED_AUTOS = YES_AGGRESSIVE;
				GCC_WARN_UNUSED_FUNCTION = YES;
				GCC_WARN_UNUSED_VARIABLE = YES;
				IPHONEOS_DEPLOYMENT_TARGET = 11.4;
				MTL_ENABLE_DEBUG_INFO = NO;
				SDKROOT = iphoneos;
				SWIFT_COMPILATION_MODE = wholemodule;
				SWIFT_OPTIMIZATION_LEVEL = "-O";
				VALIDATE_PRODUCT = YES;
			};
			name = Release;
		};
		D43562742116837D00B345D0 /* Debug */ = {
			isa = XCBuildConfiguration;
			buildSettings = {
				ASSETCATALOG_COMPILER_APPICON_NAME = AppIcon;
				CODE_SIGN_STYLE = Automatic;
				DEVELOPMENT_TEAM = LG27EUDP3Y;
				INFOPLIST_FILE = "$(SRCROOT)/todo/Info.plist";
				LD_RUNPATH_SEARCH_PATHS = (
					"$(inherited)",
					"@executable_path/Frameworks",
				);
				PRODUCT_BUNDLE_IDENTIFIER = com.hoppers.coredata.todo;
				PRODUCT_NAME = "$(TARGET_NAME)";
				SWIFT_VERSION = 4.0;
				TARGETED_DEVICE_FAMILY = "1,2";
			};
			name = Debug;
		};
		D43562752116837D00B345D0 /* Release */ = {
			isa = XCBuildConfiguration;
			buildSettings = {
				ASSETCATALOG_COMPILER_APPICON_NAME = AppIcon;
				CODE_SIGN_STYLE = Automatic;
				DEVELOPMENT_TEAM = LG27EUDP3Y;
				INFOPLIST_FILE = "$(SRCROOT)/todo/Info.plist";
				LD_RUNPATH_SEARCH_PATHS = (
					"$(inherited)",
					"@executable_path/Frameworks",
				);
				PRODUCT_BUNDLE_IDENTIFIER = com.hoppers.coredata.todo;
				PRODUCT_NAME = "$(TARGET_NAME)";
				SWIFT_VERSION = 4.0;
				TARGETED_DEVICE_FAMILY = "1,2";
			};
			name = Release;
		};
/* End XCBuildConfiguration section */

/* Begin XCConfigurationList section */
		D43562592116837A00B345D0 /* Build configuration list for PBXProject "Todo" */ = {
			isa = XCConfigurationList;
			buildConfigurations = (
				D43562712116837D00B345D0 /* Debug */,
				D43562722116837D00B345D0 /* Release */,
			);
			defaultConfigurationIsVisible = 0;
			defaultConfigurationName = Release;
		};
		D43562732116837D00B345D0 /* Build configuration list for PBXNativeTarget "Todo" */ = {
			isa = XCConfigurationList;
			buildConfigurations = (
				D43562742116837D00B345D0 /* Debug */,
				D43562752116837D00B345D0 /* Release */,
			);
			defaultConfigurationIsVisible = 0;
			defaultConfigurationName = Release;
		};
/* End XCConfigurationList section */

/* Begin XCVersionGroup section */
		D43562682116837B00B345D0 /* CoreData.xcdatamodeld */ = {
			isa = XCVersionGroup;
			children = (
				D43562692116837B00B345D0 /* CoreData.xcdatamodel */,
			);
			currentVersion = D43562692116837B00B345D0 /* CoreData.xcdatamodel */;
			path = CoreData.xcdatamodeld;
			sourceTree = "<group>";
			versionGroupType = wrapper.xcdatamodel;
		};
		D43562782116872F00B345D0 /* DataModel.xcdatamodeld */ = {
			isa = XCVersionGroup;
			children = (
				D43562792116872F00B345D0 /* DataModel.xcdatamodel */,
			);
			currentVersion = D43562792116872F00B345D0 /* DataModel.xcdatamodel */;
			path = DataModel.xcdatamodeld;
			sourceTree = "<group>";
			versionGroupType = wrapper.xcdatamodel;
		};
/* End XCVersionGroup section */
	};
	rootObject = D43562562116837A00B345D0 /* Project object */;
}
